
Microsoft Visual Studio Solution File, Format Version 12.00
# Visual Studio Version 17
VisualStudioVersion = 17.6.33829.357
MinimumVisualStudioVersion = 10.0.40219.1
Project("{FAE04EC0-301F-11D3-BF4B-00C04F79EFBC}") = "Atividade_Cisne", "Cisne\Atividade_Cisne.csproj", "{AF6E8F22-5064-4B35-B52B-AF9E771903C5}"
EndProject
Global
	GlobalSection(SolutionConfigurationPlatforms) = preSolution
		Debug|Any CPU = Debug|Any CPU
		Release|Any CPU = Release|Any CPU
	EndGlobalSection
	GlobalSection(ProjectConfigurationPlatforms) = postSolution
		{AF6E8F22-5064-4B35-B52B-AF9E771903C5}.Debug|Any CPU.ActiveCfg = Debug|Any CPU
		{AF6E8F22-5064-4B35-B52B-AF9E771903C5}.Debug|Any CPU.Build.0 = Debug|Any CPU
		{AF6E8F22-5064-4B35-B52B-AF9E771903C5}.Release|Any CPU.ActiveCfg = Release|Any CPU
		{AF6E8F22-5064-4B35-B52B-AF9E771903C5}.Release|Any CPU.Build.0 = Release|Any CPU
	EndGlobalSection
	GlobalSection(SolutionProperties) = preSolution
		HideSolutionNode = FALSE
	EndGlobalSection
	GlobalSection(ExtensibilityGlobals) = postSolution
		SolutionGuid = {1653D42D-2B82-4B24-9345-C340B5565D70}
	EndGlobalSection
EndGlobal
